PODS:
  - Just (0.5.7)
  - SwiftyJSON (3.1.1)

DEPENDENCIES:
  - Just (= 0.5.7)
  - SwiftyJSON (= 3.1.1)

SPEC CHECKSUMS:
  Just: d19e769d86b965e39ae58cb3c0cbad07706634a8
  SwiftyJSON: f0be2e604f83e8405a624e9f891898bf6ed4e019

PODFILE CHECKSUM: 92b1e8aa676b53c2379c2420a8baef3bd377cf4a

COCOAPODS: 1.0.0
